PODS:
  - Fabric (1.7.3)
  - TwitterCore (2.8.0):
    - Fabric
  - TwitterKit (2.8.1):
    - TwitterCore (>= 2.8)

DEPENDENCIES:
  - TwitterKit

SPEC CHECKSUMS:
  Fabric: bb495bb9a7a7677c6d03a1f8b83d95bc49b47e41
  TwitterCore: e959987be23c767004d29eb7fab8d85d8585a2e5
  TwitterKit: 3b6044a7320340326a4098f3e37aa1dbaeb94942

PODFILE CHECKSUM: db7e091bda5d40ce55e1595985a5ddd2edc8fca5

COCOAPODS: 1.4.0
